
Microsoft Visual Studio Solution File, Format Version 12.00
# Visual Studio Express 2013 for Windows Desktop
VisualStudioVersion = 12.0.21005.1
MinimumVisualStudioVersion = 10.0.40219.1
Project("{8BC9CEB8-8B4A-11D0-8D11-00A0C91BC942}") = "libudns", "libudns-vcexpress-2013.vcxproj", "{3A51F52F-6E02-4F57-882F-329623DA1E26}"
EndProject
Project("{8BC9CEB8-8B4A-11D0-8D11-00A0C91BC942}") = "dnsget", "dnsget-vcexpress-2013.vcxproj", "{D25F1190-7EEC-4A10-89B5-586EBC01A552}"
	ProjectSection(ProjectDependencies) = postProject
		{3A51F52F-6E02-4F57-882F-329623DA1E26} = {3A51F52F-6E02-4F57-882F-329623DA1E26}
	EndProjectSection
EndProject
Project("{8BC9CEB8-8B4A-11D0-8D11-00A0C91BC942}") = "libudnspp", "libudnspp-vcexpress-2013.vcxproj", "{797CC287-5592-464F-B9FD-A9E199FBE873}"
	ProjectSection(ProjectDependencies) = postProject
		{3A51F52F-6E02-4F57-882F-329623DA1E26} = {3A51F52F-6E02-4F57-882F-329623DA1E26}
	EndProjectSection
EndProject
Project("{8BC9CEB8-8B4A-11D0-8D11-00A0C91BC942}") = "dnsgetpp", "dnsgetpp-vcexpress-2013.vcxproj", "{6EB89AE5-23CA-4D3E-990C-D12B5639D248}"
	ProjectSection(ProjectDependencies) = postProject
		{3A51F52F-6E02-4F57-882F-329623DA1E26} = {3A51F52F-6E02-4F57-882F-329623DA1E26}
		{797CC287-5592-464F-B9FD-A9E199FBE873} = {797CC287-5592-464F-B9FD-A9E199FBE873}
	EndProjectSection
EndProject
Global
	GlobalSection(SolutionConfigurationPlatforms) = preSolution
		Debug|Win32 = Debug|Win32
		Release|Win32 = Release|Win32
	EndGlobalSection
	GlobalSection(ProjectConfigurationPlatforms) = postSolution
		{3A51F52F-6E02-4F57-882F-329623DA1E26}.Debug|Win32.ActiveCfg = Debug|Win32
		{3A51F52F-6E02-4F57-882F-329623DA1E26}.Debug|Win32.Build.0 = Debug|Win32
		{3A51F52F-6E02-4F57-882F-329623DA1E26}.Release|Win32.ActiveCfg = Release|Win32
		{3A51F52F-6E02-4F57-882F-329623DA1E26}.Release|Win32.Build.0 = Release|Win32
		{D25F1190-7EEC-4A10-89B5-586EBC01A552}.Debug|Win32.ActiveCfg = Debug|Win32
		{D25F1190-7EEC-4A10-89B5-586EBC01A552}.Debug|Win32.Build.0 = Debug|Win32
		{D25F1190-7EEC-4A10-89B5-586EBC01A552}.Release|Win32.ActiveCfg = Release|Win32
		{D25F1190-7EEC-4A10-89B5-586EBC01A552}.Release|Win32.Build.0 = Release|Win32
		{797CC287-5592-464F-B9FD-A9E199FBE873}.Debug|Win32.ActiveCfg = Debug|Win32
		{797CC287-5592-464F-B9FD-A9E199FBE873}.Debug|Win32.Build.0 = Debug|Win32
		{797CC287-5592-464F-B9FD-A9E199FBE873}.Release|Win32.ActiveCfg = Release|Win32
		{797CC287-5592-464F-B9FD-A9E199FBE873}.Release|Win32.Build.0 = Release|Win32
		{6EB89AE5-23CA-4D3E-990C-D12B5639D248}.Debug|Win32.ActiveCfg = Debug|Win32
		{6EB89AE5-23CA-4D3E-990C-D12B5639D248}.Debug|Win32.Build.0 = Debug|Win32
		{6EB89AE5-23CA-4D3E-990C-D12B5639D248}.Release|Win32.ActiveCfg = Release|Win32
		{6EB89AE5-23CA-4D3E-990C-D12B5639D248}.Release|Win32.Build.0 = Release|Win32
	EndGlobalSection
	GlobalSection(SolutionProperties) = preSolution
		HideSolutionNode = FALSE
	EndGlobalSection
EndGlobal
